{
  "name": "jean-text-input",
  "version": "0.0.0",
  "lockfileVersion": 1,
  "requires": true,
  "dependencies": {
    "jean-amd": {
      "version": "1.0.3",
      "resolved": "https://registry.npmjs.org/jean-amd/-/jean-amd-1.0.3.tgz",
      "integrity": "sha1-Z6U5SnMNkMgSI25Lv2EzqC3qU9w="
    },
    "jean-dom-element": {
      "version": "1.2.2",
      "resolved": "https://registry.npmjs.org/jean-dom-element/-/jean-dom-element-1.2.2.tgz",
      "integrity": "sha512-1kBo/OuZGLOGnde9q7gcN+8YlYNR2k3bHyWpuL9uspctisreVNGhIHONm3YoWJb8z2t3wvyeAalL7g9JLTmdsQ==",
      "requires": {
        "jean-amd": "^1.0.3",
        "jean-dom-util": "^1.2.2",
        "jean-failure": "^1.0.1",
        "jean-type-check": "^1.5.1"
      }
    },
    "jean-dom-util": {
      "version": "1.3.2",
      "resolved": "https://registry.npmjs.org/jean-dom-util/-/jean-dom-util-1.3.2.tgz",
      "integrity": "sha512-3K/ToejyGMLqG8IN4xtHeyTOrslWgKObsYufSZbnHm4gVPu+pMzEIbGhhjAjMBV/qEcBWm8XnxgRCVNjuB27ng==",
      "requires": {
        "jean-amd": "^1.0.3",
        "jean-failure": "^1.0.1",
        "jean-type-check": "^1.5.1"
      }
    },
    "jean-failure": {
      "version": "1.0.1",
      "resolved": "https://registry.npmjs.org/jean-failure/-/jean-failure-1.0.1.tgz",
      "integrity": "sha1-grhDl81e5zqy4OLXoO34erNYTDM=",
      "requires": {
        "jean-amd": "1.0.1"
      },
      "dependencies": {
        "jean-amd": {
          "version": "1.0.1",
          "resolved": "https://registry.npmjs.org/jean-amd/-/jean-amd-1.0.1.tgz",
          "integrity": "sha1-gWfKjpd+SBBFWve7Pq9R+dJgmzw="
        }
      }
    },
    "jean-inheritance": {
      "version": "1.0.4",
      "resolved": "https://registry.npmjs.org/jean-inheritance/-/jean-inheritance-1.0.4.tgz",
      "integrity": "sha1-SCwTxlb1E7tiMDVjCS8m3QV0ZRE=",
      "requires": {
        "jean-amd": "1.0.1",
        "jean-type-check": "1.0.2"
      },
      "dependencies": {
        "jean-amd": {
          "version": "1.0.1",
          "resolved": "https://registry.npmjs.org/jean-amd/-/jean-amd-1.0.1.tgz",
          "integrity": "sha1-gWfKjpd+SBBFWve7Pq9R+dJgmzw="
        },
        "jean-type-check": {
          "version": "1.0.2",
          "resolved": "https://registry.npmjs.org/jean-type-check/-/jean-type-check-1.0.2.tgz",
          "integrity": "sha1-O6ROFMt9gMO4BSrnI2f+yGrpkiM=",
          "requires": {
            "jean-amd": "1.0.1"
          }
        }
      }
    },
    "jean-merge": {
      "version": "1.0.0",
      "resolved": "https://registry.npmjs.org/jean-merge/-/jean-merge-1.0.0.tgz",
      "integrity": "sha512-JFISaNohusLfC73vnfPO0t1K59TTAZ5scOJAJHPlBnwyiju2xD02O2kcErXtGKHXt0696u9mmXKnAsjGZCiN6A==",
      "requires": {
        "jean-amd": "1.0.1",
        "jean-failure": "^1.0.1",
        "jean-type-check": "^1.0.6"
      },
      "dependencies": {
        "jean-amd": {
          "version": "1.0.1",
          "resolved": "https://registry.npmjs.org/jean-amd/-/jean-amd-1.0.1.tgz",
          "integrity": "sha1-gWfKjpd+SBBFWve7Pq9R+dJgmzw="
        }
      }
    },
    "jean-type-check": {
      "version": "1.5.2",
      "resolved": "https://registry.npmjs.org/jean-type-check/-/jean-type-check-1.5.2.tgz",
      "integrity": "sha512-Lu9Iy8uf4LgIgm67Z+a+nGWjuyGPRB0eN64QK8KkmfJyOWUlf22JQLFlsB7MxDoYdczCn9a/tIEqJ3bMKjUpEA==",
      "requires": {
        "jean-amd": "1.0.1",
        "jean-failure": "^1.0.1"
      },
      "dependencies": {
        "jean-amd": {
          "version": "1.0.1",
          "resolved": "https://registry.npmjs.org/jean-amd/-/jean-amd-1.0.1.tgz",
          "integrity": "sha1-gWfKjpd+SBBFWve7Pq9R+dJgmzw="
        }
      }
    },
    "require-css": {
      "version": "0.1.10",
      "resolved": "https://registry.npmjs.org/require-css/-/require-css-0.1.10.tgz",
      "integrity": "sha1-8duMbPsq0qOnQJFmzGz5mw0/RQI=",
      "dev": true
    },
    "text": {
      "version": "github:requirejs/text#3f9d4c19b3a1a3c6f35650c5788cbea1db93197a",
      "from": "github:requirejs/text",
      "dev": true
    }
  }
}
